
Microsoft Visual Studio Solution File, Format Version 12.00
# Visual Studio Version 16
VisualStudioVersion = 16.0.30225.117
MinimumVisualStudioVersion = 10.0.40219.1
Project("{FAE04EC0-301F-11D3-BF4B-00C04F79EFBC}") = "ColdStorage-API", "ColdStorage-API\ColdStorage-API.csproj", "{13494B0E-6A7F-44E2-BA17-30266EDBFA79}"
EndProject
Global
	GlobalSection(SolutionConfigurationPlatforms) = preSolution
		Debug|Any CPU = Debug|Any CPU
		Release|Any CPU = Release|Any CPU
	EndGlobalSection
	GlobalSection(ProjectConfigurationPlatforms) = postSolution
		{13494B0E-6A7F-44E2-BA17-30266EDBFA79}.Debug|Any CPU.ActiveCfg = Debug|Any CPU
		{13494B0E-6A7F-44E2-BA17-30266EDBFA79}.Debug|Any CPU.Build.0 = Debug|Any CPU
		{13494B0E-6A7F-44E2-BA17-30266EDBFA79}.Release|Any CPU.ActiveCfg = Release|Any CPU
		{13494B0E-6A7F-44E2-BA17-30266EDBFA79}.Release|Any CPU.Build.0 = Release|Any CPU
	EndGlobalSection
	GlobalSection(SolutionProperties) = preSolution
		HideSolutionNode = FALSE
	EndGlobalSection
	GlobalSection(ExtensibilityGlobals) = postSolution
		SolutionGuid = {7E27BBAC-1AC7-49C0-83B3-F25D240F22A1}
	EndGlobalSection
EndGlobal
